// !$*UTF8*$!
{
	archiveVersion = 1;
	classes = {
	};
	objectVersion = 48;
	objects = {

/* Begin PBXBuildFile section */
		890C8B6920E9267B00C38565 /* noteTableViewCell.swift in Sources */ = {isa = PBXBuildFile; fileRef = 890C8B6820E9267B00C38565 /* noteTableViewCell.swift */; };
		89BFC58C20E8ED9800650C6A /* AppDelegate.swift in Sources */ = {isa = PBXBuildFile; fileRef = 89BFC58B20E8ED9800650C6A /* AppDelegate.swift */; };
		89BFC58E20E8ED9800650C6A /* ViewController.swift in Sources */ = {isa = PBXBuildFile; fileRef = 89BFC58D20E8ED9800650C6A /* ViewController.swift */; };
		89BFC59120E8ED9800650C6A /* Main.storyboard in Resources */ = {isa = PBXBuildFile; fileRef = 89BFC58F20E8ED9800650C6A /* Main.storyboard */; };
		89BFC59420E8ED9800650C6A /* EasyNotes.xcdatamodeld in Sources */ = {isa = PBXBuildFile; fileRef = 89BFC59220E8ED9800650C6A /* EasyNotes.xcdatamodeld */; };
		89BFC59620E8ED9800650C6A /* Assets.xcassets in Resources */ = {isa = PBXBuildFile; fileRef = 89BFC59520E8ED9800650C6A /* Assets.xcassets */; };
		89BFC59920E8ED9800650C6A /* LaunchScreen.storyboard in Resources */ = {isa = PBXBuildFile; fileRef = 89BFC59720E8ED9800650C6A /* LaunchScreen.storyboard */; };
		89BFC5A120E90EB300650C6A /* noteTableViewController.swift in Sources */ = {isa = PBXBuildFile; fileRef = 89BFC5A020E90EB300650C6A /* noteTableViewController.swift */; };
/* End PBXBuildFile section */

/* Begin PBXFileReference section */
		890C8B6820E9267B00C38565 /* noteTableViewCell.swift */ = {isa = PBXFileReference; lastKnownFileType = sourcecode.swift; path = noteTableViewCell.swift; sourceTree = "<group>"; };
		89BFC58820E8ED9800650C6A /* Easy Notes.app */ = {isa = PBXFileReference; explicitFileType = wrapper.application; includeInIndex = 0; path = "Easy Notes.app"; sourceTree = BUILT_PRODUCTS_DIR; };
		89BFC58B20E8ED9800650C6A /* AppDelegate.swift */ = {isa = PBXFileReference; lastKnownFileType = sourcecode.swift; path = AppDelegate.swift; sourceTree = "<group>"; };
		89BFC58D20E8ED9800650C6A /* ViewController.swift */ = {isa = PBXFileReference; lastKnownFileType = sourcecode.swift; path = ViewController.swift; sourceTree = "<group>"; };
		89BFC59020E8ED9800650C6A /* Base */ = {isa = PBXFileReference; lastKnownFileType = file.storyboard; name = Base; path = Base.lproj/Main.storyboard; sourceTree = "<group>"; };
		89BFC59320E8ED9800650C6A /* Easy_Notes.xcdatamodel */ = {isa = PBXFileReference; lastKnownFileType = wrapper.xcdatamodel; path = Easy_Notes.xcdatamodel; sourceTree = "<group>"; };
		89BFC59520E8ED9800650C6A /* Assets.xcassets */ = {isa = PBXFileReference; lastKnownFileType = folder.assetcatalog; path = Assets.xcassets; sourceTree = "<group>"; };
		89BFC59820E8ED9800650C6A /* Base */ = {isa = PBXFileReference; lastKnownFileType = file.storyboard; name = Base; path = Base.lproj/LaunchScreen.storyboard; sourceTree = "<group>"; };
		89BFC59A20E8ED9800650C6A /* Info.plist */ = {isa = PBXFileReference; lastKnownFileType = text.plist.xml; path = Info.plist; sourceTree = "<group>"; };
		89BFC5A020E90EB300650C6A /* noteTableViewController.swift */ = {isa = PBXFileReference; lastKnownFileType = sourcecode.swift; path = noteTableViewController.swift; sourceTree = "<group>"; };
/* End PBXFileReference section */

/* Begin PBXFrameworksBuildPhase section */
		89BFC58520E8ED9800650C6A /* Frameworks */ = {
			isa = PBXFrameworksBuildPhase;
			buildActionMask = 2147483647;
			files = (
			);
			runOnlyForDeploymentPostprocessing = 0;
		};
/* End PBXFrameworksBuildPhase section */

/* Begin PBXGroup section */
		89BFC57F20E8ED9800650C6A = {
			isa = PBXGroup;
			children = (
				89BFC58A20E8ED9800650C6A /* Easy Notes */,
				89BFC58920E8ED9800650C6A /* Products */,
			);
			sourceTree = "<group>";
		};
		89BFC58920E8ED9800650C6A /* Products */ = {
			isa = PBXGroup;
			children = (
				89BFC58820E8ED9800650C6A /* Easy Notes.app */,
			);
			name = Products;
			sourceTree = "<group>";
		};
		89BFC58A20E8ED9800650C6A /* Easy Notes */ = {
			isa = PBXGroup;
			children = (
				89BFC58B20E8ED9800650C6A /* AppDelegate.swift */,
				89BFC5A020E90EB300650C6A /* noteTableViewController.swift */,
				89BFC58D20E8ED9800650C6A /* ViewController.swift */,
				89BFC58F20E8ED9800650C6A /* Main.storyboard */,
				89BFC59520E8ED9800650C6A /* Assets.xcassets */,
				890C8B6820E9267B00C38565 /* noteTableViewCell.swift */,
				89BFC59720E8ED9800650C6A /* LaunchScreen.storyboard */,
				89BFC59A20E8ED9800650C6A /* Info.plist */,
				89BFC59220E8ED9800650C6A /* EasyNotes.xcdatamodeld */,
			);
			path = "Easy Notes";
			sourceTree = "<group>";
		};
/* End PBXGroup section */

/* Begin PBXNativeTarget section */
		89BFC58720E8ED9800650C6A /* Easy Notes */ = {
			isa = PBXNativeTarget;
			buildConfigurationList = 89BFC59D20E8ED9800650C6A /* Build configuration list for PBXNativeTarget "Easy Notes" */;
			buildPhases = (
				89BFC58420E8ED9800650C6A /* Sources */,
				89BFC58520E8ED9800650C6A /* Frameworks */,
				89BFC58620E8ED9800650C6A /* Resources */,
			);
			buildRules = (
			);
			dependencies = (
			);
			name = "Easy Notes";
			productName = "Easy Notes";
			productReference = 89BFC58820E8ED9800650C6A /* Easy Notes.app */;
			productType = "com.apple.product-type.application";
		};
/* End PBXNativeTarget section */

/* Begin PBXProject section */
		89BFC58020E8ED9800650C6A /* Project object */ = {
			isa = PBXProject;
			attributes = {
				LastSwiftUpdateCheck = 0920;
				LastUpgradeCheck = 0920;
				ORGANIZATIONNAME = "Laurentiu Gamulea";
				TargetAttributes = {
					89BFC58720E8ED9800650C6A = {
						CreatedOnToolsVersion = 9.2;
						ProvisioningStyle = Automatic;
					};
				};
			};
			buildConfigurationList = 89BFC58320E8ED9800650C6A /* Build configuration list for PBXProject "Easy Notes" */;
			compatibilityVersion = "Xcode 8.0";
			developmentRegion = en;
			hasScannedForEncodings = 0;
			knownRegions = (
				en,
				Base,
			);
			mainGroup = 89BFC57F20E8ED9800650C6A;
			productRefGroup = 89BFC58920E8ED9800650C6A /* Products */;
			projectDirPath = "";
			projectRoot = "";
			targets = (
				89BFC58720E8ED9800650C6A /* Easy Notes */,
			);
		};
/* End PBXProject section */

/* Begin PBXResourcesBuildPhase section */
		89BFC58620E8ED9800650C6A /* Resources */ = {
			isa = PBXResourcesBuildPhase;
			buildActionMask = 2147483647;
			files = (
				89BFC59920E8ED9800650C6A /* LaunchScreen.storyboard in Resources */,
				89BFC59620E8ED9800650C6A /* Assets.xcassets in Resources */,
				89BFC59120E8ED9800650C6A /* Main.storyboard in Resources */,
			);
			runOnlyForDeploymentPostprocessing = 0;
		};
/* End PBXResourcesBuildPhase section */

/* Begin PBXSourcesBuildPhase section */
		89BFC58420E8ED9800650C6A /* Sources */ = {
			isa = PBXSourcesBuildPhase;
			buildActionMask = 2147483647;
			files = (
				890C8B6920E9267B00C38565 /* noteTableViewCell.swift in Sources */,
				89BFC58E20E8ED9800650C6A /* ViewController.swift in Sources */,
				89BFC5A120E90EB300650C6A /* noteTableViewController.swift in Sources */,
				89BFC58C20E8ED9800650C6A /* AppDelegate.swift in Sources */,
				89BFC59420E8ED9800650C6A /* EasyNotes.xcdatamodeld in Sources */,
			);
			runOnlyForDeploymentPostprocessing = 0;
		};
/* End PBXSourcesBuildPhase section */

/* Begin PBXVariantGroup section */
		89BFC58F20E8ED9800650C6A /* Main.storyboard */ = {
			isa = PBXVariantGroup;
			children = (
				89BFC59020E8ED9800650C6A /* Base */,
			);
			name = Main.storyboard;
			sourceTree = "<group>";
		};
		89BFC59720E8ED9800650C6A /* LaunchScreen.storyboard */ = {
			isa = PBXVariantGroup;
			children = (
				89BFC59820E8ED9800650C6A /* Base */,
			);
			name = LaunchScreen.storyboard;
			sourceTree = "<group>";
		};
/* End PBXVariantGroup section */

/* Begin XCBuildConfiguration section */
		89BFC59B20E8ED9800650C6A /* Debug */ = {
			isa = XCBuildConfiguration;
			buildSettings = {
				ALWAYS_SEARCH_USER_PATHS = NO;
				CLANG_ANALYZER_NONNULL = YES;
				CLANG_ANALYZER_NUMBER_OBJECT_CONVERSION = YES_AGGRESSIVE;
				CLANG_CXX_LANGUAGE_STANDARD = "gnu++14";
				CLANG_CXX_LIBRARY = "libc++";
				CLANG_ENABLE_MODULES = YES;
				CLANG_ENABLE_OBJC_ARC = YES;
				CLANG_WARN_BLOCK_CAPTURE_AUTORELEASING = YES;
				CLANG_WARN_BOOL_CONVERSION = YES;
				CLANG_WARN_COMMA = YES;
				CLANG_WARN_CONSTANT_CONVERSION = YES;
				CLANG_WARN_DIRECT_OBJC_ISA_USAGE = YES_ERROR;
				CLANG_WARN_DOCUMENTATION_COMMENTS = YES;
				CLANG_WARN_EMPTY_BODY = YES;
				CLANG_WARN_ENUM_CONVERSION = YES;
				CLANG_WARN_INFINITE_RECURSION = YES;
				CLANG_WARN_INT_CONVERSION = YES;
				CLANG_WARN_NON_LITERAL_NULL_CONVERSION = YES;
				CLANG_WARN_OBJC_LITERAL_CONVERSION = YES;
				CLANG_WARN_OBJC_ROOT_CLASS = YES_ERROR;
				CLANG_WARN_RANGE_LOOP_ANALYSIS = YES;
				CLANG_WARN_STRICT_PROTOTYPES = YES;
				CLANG_WARN_SUSPICIOUS_MOVE = YES;
				CLANG_WARN_UNGUARDED_AVAILABILITY = YES_AGGRESSIVE;
				CLANG_WARN_UNREACHABLE_CODE = YES;
				CLANG_WARN__DUPLICATE_METHOD_MATCH = YES;
				CODE_SIGN_IDENTITY = "iPhone Developer";
				COPY_PHASE_STRIP = NO;
				DEBUG_INFORMATION_FORMAT = dwarf;
				ENABLE_STRICT_OBJC_MSGSEND = YES;
				ENABLE_TESTABILITY = YES;
				GCC_C_LANGUAGE_STANDARD = gnu11;
				GCC_DYNAMIC_NO_PIC = NO;
				GCC_NO_COMMON_BLOCKS = YES;
				GCC_OPTIMIZATION_LEVEL = 0;
				GCC_PREPROCESSOR_DEFINITIONS = (
					"DEBUG=1",
					"$(inherited)",
				);
				GCC_WARN_64_TO_32_BIT_CONVERSION = YES;
				GCC_WARN_ABOUT_RETURN_TYPE = YES_ERROR;
				GCC_WARN_UNDECLARED_SELECTOR = YES;
				GCC_WARN_UNINITIALIZED_AUTOS = YES_AGGRESSIVE;
				GCC_WARN_UNUSED_FUNCTION = YES;
				GCC_WARN_UNUSED_VARIABLE = YES;
				IPHONEOS_DEPLOYMENT_TARGET = 11.2;
				MTL_ENABLE_DEBUG_INFO = YES;
				ONLY_ACTIVE_ARCH = YES;
				SDKROOT = iphoneos;
				SWIFT_ACTIVE_COMPILATION_CONDITIONS = DEBUG;
				SWIFT_OPTIMIZATION_LEVEL = "-Onone";
			};
			name = Debug;
		};
		89BFC59C20E8ED9800650C6A /* Release */ = {
			isa = XCBuildConfiguration;
			buildSettings = {
				ALWAYS_SEARCH_USER_PATHS = NO;
				CLANG_ANALYZER_NONNULL = YES;
				CLANG_ANALYZER_NUMBER_OBJECT_CONVERSION = YES_AGGRESSIVE;
				CLANG_CXX_LANGUAGE_STANDARD = "gnu++14";
				CLANG_CXX_LIBRARY = "libc++";
				CLANG_ENABLE_MODULES = YES;
				CLANG_ENABLE_OBJC_ARC = YES;
				CLANG_WARN_BLOCK_CAPTURE_AUTORELEASING = YES;
				CLANG_WARN_BOOL_CONVERSION = YES;
				CLANG_WARN_COMMA = YES;
				CLANG_WARN_CONSTANT_CONVERSION = YES;
				CLANG_WARN_DIRECT_OBJC_ISA_USAGE = YES_ERROR;
				CLANG_WARN_DOCUMENTATION_COMMENTS = YES;
				CLANG_WARN_EMPTY_BODY = YES;
				CLANG_WARN_ENUM_CONVERSION = YES;
				CLANG_WARN_INFINITE_RECURSION = YES;
				CLANG_WARN_INT_CONVERSION = YES;
				CLANG_WARN_NON_LITERAL_NULL_CONVERSION = YES;
				CLANG_WARN_OBJC_LITERAL_CONVERSION = YES;
				CLANG_WARN_OBJC_ROOT_CLASS = YES_ERROR;
				CLANG_WARN_RANGE_LOOP_ANALYSIS = YES;
				CLANG_WARN_STRICT_PROTOTYPES = YES;
				CLANG_WARN_SUSPICIOUS_MOVE = YES;
				CLANG_WARN_UNGUARDED_AVAILABILITY = YES_AGGRESSIVE;
				CLANG_WARN_UNREACHABLE_CODE = YES;
				CLANG_WARN__DUPLICATE_METHOD_MATCH = YES;
				CODE_SIGN_IDENTITY = "iPhone Developer";
				COPY_PHASE_STRIP = NO;
				DEBUG_INFORMATION_FORMAT = "dwarf-with-dsym";
				ENABLE_NS_ASSERTIONS = NO;
				ENABLE_STRICT_OBJC_MSGSEND = YES;
				GCC_C_LANGUAGE_STANDARD = gnu11;
				GCC_NO_COMMON_BLOCKS = YES;
				GCC_WARN_64_TO_32_BIT_CONVERSION = YES;
				GCC_WARN_ABOUT_RETURN_TYPE = YES_ERROR;
				GCC_WARN_UNDECLARED_SELECTOR = YES;
				GCC_WARN_UNINITIALIZED_AUTOS = YES_AGGRESSIVE;
				GCC_WARN_UNUSED_FUNCTION = YES;
				GCC_WARN_UNUSED_VARIABLE = YES;
				IPHONEOS_DEPLOYMENT_TARGET = 11.2;
				MTL_ENABLE_DEBUG_INFO = NO;
				SDKROOT = iphoneos;
				SWIFT_OPTIMIZATION_LEVEL = "-Owholemodule";
				VALIDATE_PRODUCT = YES;
			};
			name = Release;
		};
		89BFC59E20E8ED9800650C6A /* Debug */ = {
			isa = XCBuildConfiguration;
			buildSettings = {
				ASSETCATALOG_COMPILER_APPICON_NAME = AppIcon;
				CODE_SIGN_STYLE = Automatic;
				INFOPLIST_FILE = "Easy Notes/Info.plist";
				LD_RUNPATH_SEARCH_PATHS = "$(inherited) @executable_path/Frameworks";
				PRODUCT_BUNDLE_IDENTIFIER = "com.gamuleam.Easy-Notes";
				PRODUCT_NAME = "$(TARGET_NAME)";
				SWIFT_VERSION = 4.0;
				TARGETED_DEVICE_FAMILY = "1,2";
			};
			name = Debug;
		};
		89BFC59F20E8ED9800650C6A /* Release */ = {
			isa = XCBuildConfiguration;
			buildSettings = {
				ASSETCATALOG_COMPILER_APPICON_NAME = AppIcon;
				CODE_SIGN_STYLE = Automatic;
				INFOPLIST_FILE = "Easy Notes/Info.plist";
				LD_RUNPATH_SEARCH_PATHS = "$(inherited) @executable_path/Frameworks";
				PRODUCT_BUNDLE_IDENTIFIER = "com.gamuleam.Easy-Notes";
				PRODUCT_NAME = "$(TARGET_NAME)";
				SWIFT_VERSION = 4.0;
				TARGETED_DEVICE_FAMILY = "1,2";
			};
			name = Release;
		};
/* End XCBuildConfiguration section */

/* Begin XCConfigurationList section */
		89BFC58320E8ED9800650C6A /* Build configuration list for PBXProject "Easy Notes" */ = {
			isa = XCConfigurationList;
			buildConfigurations = (
				89BFC59B20E8ED9800650C6A /* Debug */,
				89BFC59C20E8ED9800650C6A /* Release */,
			);
			defaultConfigurationIsVisible = 0;
			defaultConfigurationName = Release;
		};
		89BFC59D20E8ED9800650C6A /* Build configuration list for PBXNativeTarget "Easy Notes" */ = {
			isa = XCConfigurationList;
			buildConfigurations = (
				89BFC59E20E8ED9800650C6A /* Debug */,
				89BFC59F20E8ED9800650C6A /* Release */,
			);
			defaultConfigurationIsVisible = 0;
			defaultConfigurationName = Release;
		};
/* End XCConfigurationList section */

/* Begin XCVersionGroup section */
		89BFC59220E8ED9800650C6A /* EasyNotes.xcdatamodeld */ = {
			isa = XCVersionGroup;
			children = (
				89BFC59320E8ED9800650C6A /* Easy_Notes.xcdatamodel */,
			);
			currentVersion = 89BFC59320E8ED9800650C6A /* Easy_Notes.xcdatamodel */;
			path = EasyNotes.xcdatamodeld;
			sourceTree = "<group>";
			versionGroupType = wrapper.xcdatamodel;
		};
/* End XCVersionGroup section */
	};
	rootObject = 89BFC58020E8ED9800650C6A /* Project object */;
}
